
Microsoft Visual Studio Solution File, Format Version 12.00
# Visual Studio Version 17
VisualStudioVersion = 17.0.31903.59
MinimumVisualStudioVersion = 10.0.40219.1
Project("{8BC9CEB8-8B4A-11D0-8D11-00A0C91BC942}") = "Cisco-AnyConnect-Hook-DLL", "Cisco-AnyConnect-Hook-DLL\Cisco-AnyConnect-Hook-DLL.vcxproj", "{634263B0-5665-4433-906C-99B17CBFF959}"
EndProject
Global
	GlobalSection(SolutionConfigurationPlatforms) = preSolution
		Debug|x64 = Debug|x64
		Debug|x86 = Debug|x86
		Release|x64 = Release|x64
		Release|x86 = Release|x86
	EndGlobalSection
	GlobalSection(ProjectConfigurationPlatforms) = postSolution
		{634263B0-5665-4433-906C-99B17CBFF959}.Debug|x64.ActiveCfg = Debug|x64
		{634263B0-5665-4433-906C-99B17CBFF959}.Debug|x64.Build.0 = Debug|x64
		{634263B0-5665-4433-906C-99B17CBFF959}.Debug|x86.ActiveCfg = Debug|Win32
		{634263B0-5665-4433-906C-99B17CBFF959}.Debug|x86.Build.0 = Debug|Win32
		{634263B0-5665-4433-906C-99B17CBFF959}.Release|x64.ActiveCfg = Release|x64
		{634263B0-5665-4433-906C-99B17CBFF959}.Release|x64.Build.0 = Release|x64
		{634263B0-5665-4433-906C-99B17CBFF959}.Release|x86.ActiveCfg = Release|Win32
		{634263B0-5665-4433-906C-99B17CBFF959}.Release|x86.Build.0 = Release|Win32
	EndGlobalSection
	GlobalSection(SolutionProperties) = preSolution
		HideSolutionNode = FALSE
	EndGlobalSection
	GlobalSection(ExtensibilityGlobals) = postSolution
		SolutionGuid = {AFFABB62-9569-4142-BD12-CE63F1E3B74F}
	EndGlobalSection
EndGlobal
